
Microsoft Visual Studio Solution File, Format Version 12.00
# Visual Studio Version 17
VisualStudioVersion = 17.3.32825.248
MinimumVisualStudioVersion = 10.0.40219.1
Project("{9A19103F-16F7-4668-BE54-9A1E7A4F7556}") = "Klassen-Objekte", "Klassen-Objekte\Klassen-Objekte.csproj", "{0C30E5EA-9BC7-447E-81B0-5B26005CBE9A}"
EndProject
Global
	GlobalSection(SolutionConfigurationPlatforms) = preSolution
		Debug|Any CPU = Debug|Any CPU
		Release|Any CPU = Release|Any CPU
	EndGlobalSection
	GlobalSection(ProjectConfigurationPlatforms) = postSolution
		{0C30E5EA-9BC7-447E-81B0-5B26005CBE9A}.Debug|Any CPU.ActiveCfg = Debug|Any CPU
		{0C30E5EA-9BC7-447E-81B0-5B26005CBE9A}.Debug|Any CPU.Build.0 = Debug|Any CPU
		{0C30E5EA-9BC7-447E-81B0-5B26005CBE9A}.Release|Any CPU.ActiveCfg = Release|Any CPU
		{0C30E5EA-9BC7-447E-81B0-5B26005CBE9A}.Release|Any CPU.Build.0 = Release|Any CPU
	EndGlobalSection
	GlobalSection(SolutionProperties) = preSolution
		HideSolutionNode = FALSE
	EndGlobalSection
	GlobalSection(ExtensibilityGlobals) = postSolution
		SolutionGuid = {B11BDC1B-7E1E-4F88-8DA1-AA9ED5E49869}
	EndGlobalSection
EndGlobal
